
Microsoft Visual Studio Solution File, Format Version 12.00
# Visual Studio Version 17
VisualStudioVersion = 17.5.33530.505
MinimumVisualStudioVersion = 10.0.40219.1
Project("{FAE04EC0-301F-11D3-BF4B-00C04F79EFBC}") = "Part1", "Part1\Part1.csproj", "{702B67A9-5834-4720-8B8A-586360081A10}"
EndProject
Project("{FAE04EC0-301F-11D3-BF4B-00C04F79EFBC}") = "Part2", "Part2\Part2.csproj", "{B59181D0-48A2-4B85-A5AF-4D8D5B5755AF}"
EndProject
Project("{FAE04EC0-301F-11D3-BF4B-00C04F79EFBC}") = "Part3", "Part3\Part3.csproj", "{27E5E807-48B1-4A6B-8BEA-BC8DA2ADB2B7}"
EndProject
Project("{FAE04EC0-301F-11D3-BF4B-00C04F79EFBC}") = "Part4", "Part4\Part4.csproj", "{D5FD51F1-3F54-4F83-9552-E257CBF5CEE9}"
EndProject
Project("{FAE04EC0-301F-11D3-BF4B-00C04F79EFBC}") = "Part5", "Part5\Part5.csproj", "{7189018D-0DC6-4E15-9847-1E0631F370A6}"
EndProject
Global
	GlobalSection(SolutionConfigurationPlatforms) = preSolution
		Debug|Any CPU = Debug|Any CPU
		Release|Any CPU = Release|Any CPU
	EndGlobalSection
	GlobalSection(ProjectConfigurationPlatforms) = postSolution
		{702B67A9-5834-4720-8B8A-586360081A10}.Debug|Any CPU.ActiveCfg = Debug|Any CPU
		{702B67A9-5834-4720-8B8A-586360081A10}.Debug|Any CPU.Build.0 = Debug|Any CPU
		{702B67A9-5834-4720-8B8A-586360081A10}.Release|Any CPU.ActiveCfg = Release|Any CPU
		{702B67A9-5834-4720-8B8A-586360081A10}.Release|Any CPU.Build.0 = Release|Any CPU
		{B59181D0-48A2-4B85-A5AF-4D8D5B5755AF}.Debug|Any CPU.ActiveCfg = Debug|Any CPU
		{B59181D0-48A2-4B85-A5AF-4D8D5B5755AF}.Debug|Any CPU.Build.0 = Debug|Any CPU
		{B59181D0-48A2-4B85-A5AF-4D8D5B5755AF}.Release|Any CPU.ActiveCfg = Release|Any CPU
		{B59181D0-48A2-4B85-A5AF-4D8D5B5755AF}.Release|Any CPU.Build.0 = Release|Any CPU
		{27E5E807-48B1-4A6B-8BEA-BC8DA2ADB2B7}.Debug|Any CPU.ActiveCfg = Debug|Any CPU
		{27E5E807-48B1-4A6B-8BEA-BC8DA2ADB2B7}.Debug|Any CPU.Build.0 = Debug|Any CPU
		{27E5E807-48B1-4A6B-8BEA-BC8DA2ADB2B7}.Release|Any CPU.ActiveCfg = Release|Any CPU
		{27E5E807-48B1-4A6B-8BEA-BC8DA2ADB2B7}.Release|Any CPU.Build.0 = Release|Any CPU
		{D5FD51F1-3F54-4F83-9552-E257CBF5CEE9}.Debug|Any CPU.ActiveCfg = Debug|Any CPU
		{D5FD51F1-3F54-4F83-9552-E257CBF5CEE9}.Debug|Any CPU.Build.0 = Debug|Any CPU
		{D5FD51F1-3F54-4F83-9552-E257CBF5CEE9}.Release|Any CPU.ActiveCfg = Release|Any CPU
		{D5FD51F1-3F54-4F83-9552-E257CBF5CEE9}.Release|Any CPU.Build.0 = Release|Any CPU
		{7189018D-0DC6-4E15-9847-1E0631F370A6}.Debug|Any CPU.ActiveCfg = Debug|Any CPU
		{7189018D-0DC6-4E15-9847-1E0631F370A6}.Debug|Any CPU.Build.0 = Debug|Any CPU
		{7189018D-0DC6-4E15-9847-1E0631F370A6}.Release|Any CPU.ActiveCfg = Release|Any CPU
		{7189018D-0DC6-4E15-9847-1E0631F370A6}.Release|Any CPU.Build.0 = Release|Any CPU
	EndGlobalSection
	GlobalSection(SolutionProperties) = preSolution
		HideSolutionNode = FALSE
	EndGlobalSection
	GlobalSection(ExtensibilityGlobals) = postSolution
		SolutionGuid = {80DCCF80-8414-47BB-BC23-FFC3DE79C675}
	EndGlobalSection
EndGlobal
