
Microsoft Visual Studio Solution File, Format Version 12.00
# Visual Studio Version 16
VisualStudioVersion = 16.0.31112.23
MinimumVisualStudioVersion = 10.0.40219.1
Project("{FAE04EC0-301F-11D3-BF4B-00C04F79EFBC}") = "HandlerModuleDemo", "HandlerModuleDemo\HandlerModuleDemo.csproj", "{5DE8E4FB-F0ED-413E-9D54-59BA9E196F40}"
EndProject
Project("{FAE04EC0-301F-11D3-BF4B-00C04F79EFBC}") = "CustomeHandler", "CustomeHandler\CustomeHandler.csproj", "{1F8C4A8B-E44A-44BD-A7B6-F0FEAC08DF8E}"
EndProject
Project("{FAE04EC0-301F-11D3-BF4B-00C04F79EFBC}") = "CustomeModule", "CustomeModule\CustomeModule.csproj", "{BB4A8E1C-850F-4F0E-AFB5-B331AE2A73E6}"
EndProject
Global
	GlobalSection(SolutionConfigurationPlatforms) = preSolution
		Debug|Any CPU = Debug|Any CPU
		Release|Any CPU = Release|Any CPU
	EndGlobalSection
	GlobalSection(ProjectConfigurationPlatforms) = postSolution
		{5DE8E4FB-F0ED-413E-9D54-59BA9E196F40}.Debug|Any CPU.ActiveCfg = Debug|Any CPU
		{5DE8E4FB-F0ED-413E-9D54-59BA9E196F40}.Debug|Any CPU.Build.0 = Debug|Any CPU
		{5DE8E4FB-F0ED-413E-9D54-59BA9E196F40}.Release|Any CPU.ActiveCfg = Release|Any CPU
		{5DE8E4FB-F0ED-413E-9D54-59BA9E196F40}.Release|Any CPU.Build.0 = Release|Any CPU
		{1F8C4A8B-E44A-44BD-A7B6-F0FEAC08DF8E}.Debug|Any CPU.ActiveCfg = Debug|Any CPU
		{1F8C4A8B-E44A-44BD-A7B6-F0FEAC08DF8E}.Debug|Any CPU.Build.0 = Debug|Any CPU
		{1F8C4A8B-E44A-44BD-A7B6-F0FEAC08DF8E}.Release|Any CPU.ActiveCfg = Release|Any CPU
		{1F8C4A8B-E44A-44BD-A7B6-F0FEAC08DF8E}.Release|Any CPU.Build.0 = Release|Any CPU
		{BB4A8E1C-850F-4F0E-AFB5-B331AE2A73E6}.Debug|Any CPU.ActiveCfg = Debug|Any CPU
		{BB4A8E1C-850F-4F0E-AFB5-B331AE2A73E6}.Debug|Any CPU.Build.0 = Debug|Any CPU
		{BB4A8E1C-850F-4F0E-AFB5-B331AE2A73E6}.Release|Any CPU.ActiveCfg = Release|Any CPU
		{BB4A8E1C-850F-4F0E-AFB5-B331AE2A73E6}.Release|Any CPU.Build.0 = Release|Any CPU
	EndGlobalSection
	GlobalSection(SolutionProperties) = preSolution
		HideSolutionNode = FALSE
	EndGlobalSection
	GlobalSection(ExtensibilityGlobals) = postSolution
		SolutionGuid = {B3535D85-7CA6-4CC5-9F79-A4C240C3E2BD}
	EndGlobalSection
EndGlobal
