
Microsoft Visual Studio Solution File, Format Version 12.00
# Visual Studio 15
VisualStudioVersion = 15.0.28307.168
MinimumVisualStudioVersion = 10.0.40219.1
Project("{FAE04EC0-301F-11D3-BF4B-00C04F79EFBC}") = "CURDModal", "CURDModal\CURDModal.csproj", "{F5600E25-2067-40FD-A3A6-B5B1C02B19EB}"
EndProject
Global
	GlobalSection(SolutionConfigurationPlatforms) = preSolution
		Debug|Any CPU = Debug|Any CPU
		Release|Any CPU = Release|Any CPU
	EndGlobalSection
	GlobalSection(ProjectConfigurationPlatforms) = postSolution
		{F5600E25-2067-40FD-A3A6-B5B1C02B19EB}.Debug|Any CPU.ActiveCfg = Debug|Any CPU
		{F5600E25-2067-40FD-A3A6-B5B1C02B19EB}.Debug|Any CPU.Build.0 = Debug|Any CPU
		{F5600E25-2067-40FD-A3A6-B5B1C02B19EB}.Release|Any CPU.ActiveCfg = Release|Any CPU
		{F5600E25-2067-40FD-A3A6-B5B1C02B19EB}.Release|Any CPU.Build.0 = Release|Any CPU
	EndGlobalSection
	GlobalSection(SolutionProperties) = preSolution
		HideSolutionNode = FALSE
	EndGlobalSection
	GlobalSection(ExtensibilityGlobals) = postSolution
		SolutionGuid = {D0FE566E-EBA9-4AD5-B4EC-0F04807CF58D}
	EndGlobalSection
EndGlobal
