
Microsoft Visual Studio Solution File, Format Version 12.00
# Visual Studio Version 17
VisualStudioVersion = 17.3.32922.545
MinimumVisualStudioVersion = 10.0.40219.1
Project("{FAE04EC0-301F-11D3-BF4B-00C04F79EFBC}") = "Day 2 Demo", "Day 2 Demo\Day 2 Demo.csproj", "{EFAE0F1F-4FA8-4FD1-BC48-A70DC0353567}"
EndProject
Global
	GlobalSection(SolutionConfigurationPlatforms) = preSolution
		Debug|Any CPU = Debug|Any CPU
		Release|Any CPU = Release|Any CPU
	EndGlobalSection
	GlobalSection(ProjectConfigurationPlatforms) = postSolution
		{EFAE0F1F-4FA8-4FD1-BC48-A70DC0353567}.Debug|Any CPU.ActiveCfg = Debug|Any CPU
		{EFAE0F1F-4FA8-4FD1-BC48-A70DC0353567}.Debug|Any CPU.Build.0 = Debug|Any CPU
		{EFAE0F1F-4FA8-4FD1-BC48-A70DC0353567}.Release|Any CPU.ActiveCfg = Release|Any CPU
		{EFAE0F1F-4FA8-4FD1-BC48-A70DC0353567}.Release|Any CPU.Build.0 = Release|Any CPU
	EndGlobalSection
	GlobalSection(SolutionProperties) = preSolution
		HideSolutionNode = FALSE
	EndGlobalSection
	GlobalSection(ExtensibilityGlobals) = postSolution
		SolutionGuid = {308BD1C3-9EC4-4FF7-B239-E870F60711A3}
	EndGlobalSection
EndGlobal
