
Microsoft Visual Studio Solution File, Format Version 12.00
# Visual Studio Version 17
VisualStudioVersion = 17.3.32922.545
MinimumVisualStudioVersion = 10.0.40219.1
Project("{FAE04EC0-301F-11D3-BF4B-00C04F79EFBC}") = "LinqToObjects", "LinqToObjects\LinqToObjects.csproj", "{982A79E8-A59A-4C10-87F3-98D2DF9CBD67}"
EndProject
Global
	GlobalSection(SolutionConfigurationPlatforms) = preSolution
		Debug|Any CPU = Debug|Any CPU
		Release|Any CPU = Release|Any CPU
	EndGlobalSection
	GlobalSection(ProjectConfigurationPlatforms) = postSolution
		{982A79E8-A59A-4C10-87F3-98D2DF9CBD67}.Debug|Any CPU.ActiveCfg = Debug|Any CPU
		{982A79E8-A59A-4C10-87F3-98D2DF9CBD67}.Debug|Any CPU.Build.0 = Debug|Any CPU
		{982A79E8-A59A-4C10-87F3-98D2DF9CBD67}.Release|Any CPU.ActiveCfg = Release|Any CPU
		{982A79E8-A59A-4C10-87F3-98D2DF9CBD67}.Release|Any CPU.Build.0 = Release|Any CPU
	EndGlobalSection
	GlobalSection(SolutionProperties) = preSolution
		HideSolutionNode = FALSE
	EndGlobalSection
	GlobalSection(ExtensibilityGlobals) = postSolution
		SolutionGuid = {2AFBA97F-9158-4C2F-8D60-AEA4D94B5FDD}
	EndGlobalSection
EndGlobal
