
Microsoft Visual Studio Solution File, Format Version 12.00
# Visual Studio Version 16
VisualStudioVersion = 16.0.31112.23
MinimumVisualStudioVersion = 10.0.40219.1
Project("{FAE04EC0-301F-11D3-BF4B-00C04F79EFBC}") = "MVC6Demo", "MVC6Demo\MVC6Demo.csproj", "{225DDD71-E848-4D63-90DF-1143F0CDCE67}"
EndProject
Project("{FAE04EC0-301F-11D3-BF4B-00C04F79EFBC}") = "MVC6EFDemo", "MVC6EFDemo\MVC6EFDemo.csproj", "{04178064-08B1-405F-9E2D-6CDFD0E2B3B2}"
EndProject
Global
	GlobalSection(SolutionConfigurationPlatforms) = preSolution
		Debug|Any CPU = Debug|Any CPU
		Release|Any CPU = Release|Any CPU
	EndGlobalSection
	GlobalSection(ProjectConfigurationPlatforms) = postSolution
		{225DDD71-E848-4D63-90DF-1143F0CDCE67}.Debug|Any CPU.ActiveCfg = Debug|Any CPU
		{225DDD71-E848-4D63-90DF-1143F0CDCE67}.Debug|Any CPU.Build.0 = Debug|Any CPU
		{225DDD71-E848-4D63-90DF-1143F0CDCE67}.Release|Any CPU.ActiveCfg = Release|Any CPU
		{225DDD71-E848-4D63-90DF-1143F0CDCE67}.Release|Any CPU.Build.0 = Release|Any CPU
		{04178064-08B1-405F-9E2D-6CDFD0E2B3B2}.Debug|Any CPU.ActiveCfg = Debug|Any CPU
		{04178064-08B1-405F-9E2D-6CDFD0E2B3B2}.Debug|Any CPU.Build.0 = Debug|Any CPU
		{04178064-08B1-405F-9E2D-6CDFD0E2B3B2}.Release|Any CPU.ActiveCfg = Release|Any CPU
		{04178064-08B1-405F-9E2D-6CDFD0E2B3B2}.Release|Any CPU.Build.0 = Release|Any CPU
	EndGlobalSection
	GlobalSection(SolutionProperties) = preSolution
		HideSolutionNode = FALSE
	EndGlobalSection
	GlobalSection(ExtensibilityGlobals) = postSolution
		SolutionGuid = {DEC7C80F-039B-4414-B050-CBC98128846F}
	EndGlobalSection
EndGlobal
