
Microsoft Visual Studio Solution File, Format Version 12.00
# Visual Studio Version 17
VisualStudioVersion = 17.6.33712.159
MinimumVisualStudioVersion = 10.0.40219.1
Project("{9A19103F-16F7-4668-BE54-9A1E7A4F7556}") = "WebApplication1", "WebApplication1.csproj", "{801CC767-B88C-45F0-97FA-9229A3E25D02}"
EndProject
Project("{FAE04EC0-301F-11D3-BF4B-00C04F79EFBC}") = "WebApplication2", "..\WebApplication2\WebApplication2.csproj", "{8E18D389-59B1-4196-AEE2-B0028EAC532F}"
EndProject
Global
	GlobalSection(SolutionConfigurationPlatforms) = preSolution
		Debug|Any CPU = Debug|Any CPU
		Release|Any CPU = Release|Any CPU
	EndGlobalSection
	GlobalSection(ProjectConfigurationPlatforms) = postSolution
		{801CC767-B88C-45F0-97FA-9229A3E25D02}.Debug|Any CPU.ActiveCfg = Debug|Any CPU
		{801CC767-B88C-45F0-97FA-9229A3E25D02}.Debug|Any CPU.Build.0 = Debug|Any CPU
		{801CC767-B88C-45F0-97FA-9229A3E25D02}.Release|Any CPU.ActiveCfg = Release|Any CPU
		{801CC767-B88C-45F0-97FA-9229A3E25D02}.Release|Any CPU.Build.0 = Release|Any CPU
		{8E18D389-59B1-4196-AEE2-B0028EAC532F}.Debug|Any CPU.ActiveCfg = Debug|Any CPU
		{8E18D389-59B1-4196-AEE2-B0028EAC532F}.Debug|Any CPU.Build.0 = Debug|Any CPU
		{8E18D389-59B1-4196-AEE2-B0028EAC532F}.Release|Any CPU.ActiveCfg = Release|Any CPU
		{8E18D389-59B1-4196-AEE2-B0028EAC532F}.Release|Any CPU.Build.0 = Release|Any CPU
	EndGlobalSection
	GlobalSection(SolutionProperties) = preSolution
		HideSolutionNode = FALSE
	EndGlobalSection
	GlobalSection(ExtensibilityGlobals) = postSolution
		SolutionGuid = {1E320ABD-A8F8-489D-8A3B-9F34E630F38F}
	EndGlobalSection
EndGlobal
