
Microsoft Visual Studio Solution File, Format Version 12.00
# Visual Studio Version 17
VisualStudioVersion = 17.5.33530.505
MinimumVisualStudioVersion = 10.0.40219.1
Project("{9A19103F-16F7-4668-BE54-9A1E7A4F7556}") = "Part1", "Part1\Part1.csproj", "{2A567DD4-6560-4125-AD7A-B3A3867AD048}"
EndProject
Project("{9A19103F-16F7-4668-BE54-9A1E7A4F7556}") = "Part2", "Part2\Part2.csproj", "{0FF44418-B71C-497D-B60B-0693E50B3AC4}"
EndProject
Project("{FAE04EC0-301F-11D3-BF4B-00C04F79EFBC}") = "Part3", "Part3\Part3.csproj", "{24A34DB2-BE8A-493B-9689-835B977702D6}"
EndProject
Project("{FAE04EC0-301F-11D3-BF4B-00C04F79EFBC}") = "Part4", "Part4\Part4.csproj", "{396DFDA0-3F17-4FE4-84E1-4CD652CDD3A0}"
EndProject
Project("{FAE04EC0-301F-11D3-BF4B-00C04F79EFBC}") = "Part5", "Part5\Part5.csproj", "{6500E79E-6E0E-4FF5-9033-A59E6F5C1C71}"
EndProject
Global
	GlobalSection(SolutionConfigurationPlatforms) = preSolution
		Debug|Any CPU = Debug|Any CPU
		Release|Any CPU = Release|Any CPU
	EndGlobalSection
	GlobalSection(ProjectConfigurationPlatforms) = postSolution
		{2A567DD4-6560-4125-AD7A-B3A3867AD048}.Debug|Any CPU.ActiveCfg = Debug|Any CPU
		{2A567DD4-6560-4125-AD7A-B3A3867AD048}.Debug|Any CPU.Build.0 = Debug|Any CPU
		{2A567DD4-6560-4125-AD7A-B3A3867AD048}.Release|Any CPU.ActiveCfg = Release|Any CPU
		{2A567DD4-6560-4125-AD7A-B3A3867AD048}.Release|Any CPU.Build.0 = Release|Any CPU
		{0FF44418-B71C-497D-B60B-0693E50B3AC4}.Debug|Any CPU.ActiveCfg = Debug|Any CPU
		{0FF44418-B71C-497D-B60B-0693E50B3AC4}.Debug|Any CPU.Build.0 = Debug|Any CPU
		{0FF44418-B71C-497D-B60B-0693E50B3AC4}.Release|Any CPU.ActiveCfg = Release|Any CPU
		{0FF44418-B71C-497D-B60B-0693E50B3AC4}.Release|Any CPU.Build.0 = Release|Any CPU
		{24A34DB2-BE8A-493B-9689-835B977702D6}.Debug|Any CPU.ActiveCfg = Debug|Any CPU
		{24A34DB2-BE8A-493B-9689-835B977702D6}.Debug|Any CPU.Build.0 = Debug|Any CPU
		{24A34DB2-BE8A-493B-9689-835B977702D6}.Release|Any CPU.ActiveCfg = Release|Any CPU
		{24A34DB2-BE8A-493B-9689-835B977702D6}.Release|Any CPU.Build.0 = Release|Any CPU
		{396DFDA0-3F17-4FE4-84E1-4CD652CDD3A0}.Debug|Any CPU.ActiveCfg = Debug|Any CPU
		{396DFDA0-3F17-4FE4-84E1-4CD652CDD3A0}.Debug|Any CPU.Build.0 = Debug|Any CPU
		{396DFDA0-3F17-4FE4-84E1-4CD652CDD3A0}.Release|Any CPU.ActiveCfg = Release|Any CPU
		{396DFDA0-3F17-4FE4-84E1-4CD652CDD3A0}.Release|Any CPU.Build.0 = Release|Any CPU
		{6500E79E-6E0E-4FF5-9033-A59E6F5C1C71}.Debug|Any CPU.ActiveCfg = Debug|Any CPU
		{6500E79E-6E0E-4FF5-9033-A59E6F5C1C71}.Debug|Any CPU.Build.0 = Debug|Any CPU
		{6500E79E-6E0E-4FF5-9033-A59E6F5C1C71}.Release|Any CPU.ActiveCfg = Release|Any CPU
		{6500E79E-6E0E-4FF5-9033-A59E6F5C1C71}.Release|Any CPU.Build.0 = Release|Any CPU
	EndGlobalSection
	GlobalSection(SolutionProperties) = preSolution
		HideSolutionNode = FALSE
	EndGlobalSection
	GlobalSection(ExtensibilityGlobals) = postSolution
		SolutionGuid = {0DF277CE-FEBC-4ECB-9A14-5D85EED77CFD}
	EndGlobalSection
EndGlobal
