
Microsoft Visual Studio Solution File, Format Version 12.00
# Visual Studio Version 16
VisualStudioVersion = 16.0.31112.23
MinimumVisualStudioVersion = 10.0.40219.1
Project("{FAE04EC0-301F-11D3-BF4B-00C04F79EFBC}") = "Day3Demo", "Day3Demo\Day3Demo.csproj", "{04A5DE78-91FF-4987-8EBD-550477FF563E}"
EndProject
Global
	GlobalSection(SolutionConfigurationPlatforms) = preSolution
		Debug|Any CPU = Debug|Any CPU
		Release|Any CPU = Release|Any CPU
	EndGlobalSection
	GlobalSection(ProjectConfigurationPlatforms) = postSolution
		{04A5DE78-91FF-4987-8EBD-550477FF563E}.Debug|Any CPU.ActiveCfg = Debug|Any CPU
		{04A5DE78-91FF-4987-8EBD-550477FF563E}.Debug|Any CPU.Build.0 = Debug|Any CPU
		{04A5DE78-91FF-4987-8EBD-550477FF563E}.Release|Any CPU.ActiveCfg = Release|Any CPU
		{04A5DE78-91FF-4987-8EBD-550477FF563E}.Release|Any CPU.Build.0 = Release|Any CPU
	EndGlobalSection
	GlobalSection(SolutionProperties) = preSolution
		HideSolutionNode = FALSE
	EndGlobalSection
	GlobalSection(ExtensibilityGlobals) = postSolution
		SolutionGuid = {A5D3754D-61BB-4B3A-A966-DE32E5F783A1}
	EndGlobalSection
EndGlobal
