
Microsoft Visual Studio Solution File, Format Version 12.00
# Visual Studio Version 17
VisualStudioVersion = 17.5.33414.496
MinimumVisualStudioVersion = 10.0.40219.1
Project("{FAE04EC0-301F-11D3-BF4B-00C04F79EFBC}") = "ConsoleApp1", "ConsoleApp1.csproj", "{6BCBAFA8-FE19-4707-8248-B93350E6088A}"
EndProject
Global
	GlobalSection(SolutionConfigurationPlatforms) = preSolution
		Debug|Any CPU = Debug|Any CPU
		Release|Any CPU = Release|Any CPU
	EndGlobalSection
	GlobalSection(ProjectConfigurationPlatforms) = postSolution
		{6BCBAFA8-FE19-4707-8248-B93350E6088A}.Debug|Any CPU.ActiveCfg = Debug|Any CPU
		{6BCBAFA8-FE19-4707-8248-B93350E6088A}.Debug|Any CPU.Build.0 = Debug|Any CPU
		{6BCBAFA8-FE19-4707-8248-B93350E6088A}.Release|Any CPU.ActiveCfg = Release|Any CPU
		{6BCBAFA8-FE19-4707-8248-B93350E6088A}.Release|Any CPU.Build.0 = Release|Any CPU
	EndGlobalSection
	GlobalSection(SolutionProperties) = preSolution
		HideSolutionNode = FALSE
	EndGlobalSection
	GlobalSection(ExtensibilityGlobals) = postSolution
		SolutionGuid = {F23C3DBA-1F1F-4112-8892-2149BF8CA012}
	EndGlobalSection
EndGlobal
